<?xml version="1.0" encoding="UTF-8" standalone="yes" ?>
<CodeBlocks_project_file>
	<FileVersion major="1" minor="6" />
	<Project>
		<Option title="trabalhoED1" />
		<Option makefile_is_custom="1" />
		<Option pch_mode="2" />
		<Option compiler="gcc" />
		<MakeCommands>
			<Build command="$make" />
			<CompileFile command="$make -f $makefile $file" />
			<Clean command="$make -f $makefile clean$target" />
			<DistClean command="$make -f $makefile distclean$target" />
			<AskRebuildNeeded command="$make -q -f $makefile $target" />
			<SilentBuild command="$make &gt; $(CMD_NULL)" />
		</MakeCommands>
		<Build>
			<Target title="Release">
				<Option output="bin/Release/trabalhoED1" prefix_auto="1" extension_auto="1" />
				<Option object_output="obj/Release/" />
				<Option type="1" />
				<Option compiler="gcc" />
				<Compiler>
					<Add option="-O2" />
				</Compiler>
				<Linker>
					<Add option="-s" />
				</Linker>
				<MakeCommands>
					<Build command="$make" />
					<CompileFile command="$make" />
					<Clean command="$make" />
					<DistClean command="$make -f $makefile distclean$target" />
					<AskRebuildNeeded command="$make" />
					<SilentBuild command="$make &gt; $(CMD_NULL)" />
				</MakeCommands>
			</Target>
		</Build>
		<Compiler>
			<Add option="-Wall" />
		</Compiler>
		<Unit filename="LICENSE" />
		<Unit filename="Makefile" />
		<Unit filename="README.md" />
		<Unit filename="gerador/gerador.c">
			<Option compilerVar="CC" />
		</Unit>
		<Unit filename="include/grafo/grafo.h" />
		<Unit filename="include/lista/erros.h" />
		<Unit filename="include/lista/lista.h" />
		<Unit filename="include/util/dbg.h" />
		<Unit filename="include/util/minunit.h" />
		<Unit filename="interface/interface.c">
			<Option compilerVar="CC" />
		</Unit>
		<Unit filename="src/grafo/grafo.c">
			<Option compilerVar="CC" />
		</Unit>
		<Unit filename="src/lista/lista.c">
			<Option compilerVar="CC" />
		</Unit>
		<Unit filename="testes/grafo_testes.c">
			<Option compilerVar="CC" />
		</Unit>
		<Unit filename="testes/lista_testes.c">
			<Option compilerVar="CC" />
		</Unit>
		<Unit filename="testes/testar.sh" />
		<Extensions>
			<code_completion />
			<debugger />
		</Extensions>
	</Project>
</CodeBlocks_project_file>
